// !$*UTF8*$!
{
	archiveVersion = 1;
	classes = {
	};
	objectVersion = 56;
	objects = {

/* Begin PBXBuildFile section */
		17BAC3142C2E994700AA1857 /* petProjectApp.swift in Sources */ = {isa = PBXBuildFile; fileRef = 17BAC3132C2E994700AA1857 /* petProjectApp.swift */; };
		17BAC3162C2E994700AA1857 /* ContentView.swift in Sources */ = {isa = PBXBuildFile; fileRef = 17BAC3152C2E994700AA1857 /* ContentView.swift */; };
		17BAC3182C2E994800AA1857 /* Assets.xcassets in Resources */ = {isa = PBXBuildFile; fileRef = 17BAC3172C2E994800AA1857 /* Assets.xcassets */; };
		17BAC31B2C2E994800AA1857 /* Preview Assets.xcassets in Resources */ = {isa = PBXBuildFile; fileRef = 17BAC31A2C2E994800AA1857 /* Preview Assets.xcassets */; };
		17BAC3252C2E994800AA1857 /* petProjectTests.swift in Sources */ = {isa = PBXBuildFile; fileRef = 17BAC3242C2E994800AA1857 /* petProjectTests.swift */; };
		17BAC32F2C2E994800AA1857 /* petProjectUITests.swift in Sources */ = {isa = PBXBuildFile; fileRef = 17BAC32E2C2E994800AA1857 /* petProjectUITests.swift */; };
		17BAC3312C2E994800AA1857 /* petProjectUITestsLaunchTests.swift in Sources */ = {isa = PBXBuildFile; fileRef = 17BAC3302C2E994800AA1857 /* petProjectUITestsLaunchTests.swift */; };
/* End PBXBuildFile section */

/* Begin PBXContainerItemProxy section */
		17BAC3212C2E994800AA1857 /* PBXContainerItemProxy */ = {
			isa = PBXContainerItemProxy;
			containerPortal = 17BAC3082C2E994700AA1857 /* Project object */;
			proxyType = 1;
			remoteGlobalIDString = 17BAC30F2C2E994700AA1857;
			remoteInfo = petProject;
		};
		17BAC32B2C2E994800AA1857 /* PBXContainerItemProxy */ = {
			isa = PBXContainerItemProxy;
			containerPortal = 17BAC3082C2E994700AA1857 /* Project object */;
			proxyType = 1;
			remoteGlobalIDString = 17BAC30F2C2E994700AA1857;
			remoteInfo = petProject;
		};
/* End PBXContainerItemProxy section */

/* Begin PBXFileReference section */
		17BAC3102C2E994700AA1857 /* petProject.app */ = {isa = PBXFileReference; explicitFileType = wrapper.application; includeInIndex = 0; path = petProject.app; sourceTree = BUILT_PRODUCTS_DIR; };
		17BAC3132C2E994700AA1857 /* petProjectApp.swift */ = {isa = PBXFileReference; lastKnownFileType = sourcecode.swift; path = petProjectApp.swift; sourceTree = "<group>"; };
		17BAC3152C2E994700AA1857 /* ContentView.swift */ = {isa = PBXFileReference; lastKnownFileType = sourcecode.swift; path = ContentView.swift; sourceTree = "<group>"; };
		17BAC3172C2E994800AA1857 /* Assets.xcassets */ = {isa = PBXFileReference; lastKnownFileType = folder.assetcatalog; path = Assets.xcassets; sourceTree = "<group>"; };
		17BAC31A2C2E994800AA1857 /* Preview Assets.xcassets */ = {isa = PBXFileReference; lastKnownFileType = folder.assetcatalog; path = "Preview Assets.xcassets"; sourceTree = "<group>"; };
		17BAC3202C2E994800AA1857 /* petProjectTests.xctest */ = {isa = PBXFileReference; explicitFileType = wrapper.cfbundle; includeInIndex = 0; path = petProjectTests.xctest; sourceTree = BUILT_PRODUCTS_DIR; };
		17BAC3242C2E994800AA1857 /* petProjectTests.swift */ = {isa = PBXFileReference; lastKnownFileType = sourcecode.swift; path = petProjectTests.swift; sourceTree = "<group>"; };
		17BAC32A2C2E994800AA1857 /* petProjectUITests.xctest */ = {isa = PBXFileReference; explicitFileType = wrapper.cfbundle; includeInIndex = 0; path = petProjectUITests.xctest; sourceTree = BUILT_PRODUCTS_DIR; };
		17BAC32E2C2E994800AA1857 /* petProjectUITests.swift */ = {isa = PBXFileReference; lastKnownFileType = sourcecode.swift; path = petProjectUITests.swift; sourceTree = "<group>"; };
		17BAC3302C2E994800AA1857 /* petProjectUITestsLaunchTests.swift */ = {isa = PBXFileReference; lastKnownFileType = sourcecode.swift; path = petProjectUITestsLaunchTests.swift; sourceTree = "<group>"; };
/* End PBXFileReference section */

/* Begin PBXFrameworksBuildPhase section */
		17BAC30D2C2E994700AA1857 /* Frameworks */ = {
			isa = PBXFrameworksBuildPhase;
			buildActionMask = 2147483647;
			files = (
			);
			runOnlyForDeploymentPostprocessing = 0;
		};
		17BAC31D2C2E994800AA1857 /* Frameworks */ = {
			isa = PBXFrameworksBuildPhase;
			buildActionMask = 2147483647;
			files = (
			);
			runOnlyForDeploymentPostprocessing = 0;
		};
		17BAC3272C2E994800AA1857 /* Frameworks */ = {
			isa = PBXFrameworksBuildPhase;
			buildActionMask = 2147483647;
			files = (
			);
			runOnlyForDeploymentPostprocessing = 0;
		};
/* End PBXFrameworksBuildPhase section */

/* Begin PBXGroup section */
		17BAC3072C2E994700AA1857 = {
			isa = PBXGroup;
			children = (
				17BAC3122C2E994700AA1857 /* petProject */,
				17BAC3232C2E994800AA1857 /* petProjectTests */,
				17BAC32D2C2E994800AA1857 /* petProjectUITests */,
				17BAC3112C2E994700AA1857 /* Products */,
			);
			sourceTree = "<group>";
		};
		17BAC3112C2E994700AA1857 /* Products */ = {
			isa = PBXGroup;
			children = (
				17BAC3102C2E994700AA1857 /* petProject.app */,
				17BAC3202C2E994800AA1857 /* petProjectTests.xctest */,
				17BAC32A2C2E994800AA1857 /* petProjectUITests.xctest */,
			);
			name = Products;
			sourceTree = "<group>";
		};
		17BAC3122C2E994700AA1857 /* petProject */ = {
			isa = PBXGroup;
			children = (
				17BAC3132C2E994700AA1857 /* petProjectApp.swift */,
				17BAC3152C2E994700AA1857 /* ContentView.swift */,
				17BAC3172C2E994800AA1857 /* Assets.xcassets */,
				17BAC3192C2E994800AA1857 /* Preview Content */,
			);
			path = petProject;
			sourceTree = "<group>";
		};
		17BAC3192C2E994800AA1857 /* Preview Content */ = {
			isa = PBXGroup;
			children = (
				17BAC31A2C2E994800AA1857 /* Preview Assets.xcassets */,
			);
			path = "Preview Content";
			sourceTree = "<group>";
		};
		17BAC3232C2E994800AA1857 /* petProjectTests */ = {
			isa = PBXGroup;
			children = (
				17BAC3242C2E994800AA1857 /* petProjectTests.swift */,
			);
			path = petProjectTests;
			sourceTree = "<group>";
		};
		17BAC32D2C2E994800AA1857 /* petProjectUITests */ = {
			isa = PBXGroup;
			children = (
				17BAC32E2C2E994800AA1857 /* petProjectUITests.swift */,
				17BAC3302C2E994800AA1857 /* petProjectUITestsLaunchTests.swift */,
			);
			path = petProjectUITests;
			sourceTree = "<group>";
		};
/* End PBXGroup section */

/* Begin PBXNativeTarget section */
		17BAC30F2C2E994700AA1857 /* petProject */ = {
			isa = PBXNativeTarget;
			buildConfigurationList = 17BAC3342C2E994800AA1857 /* Build configuration list for PBXNativeTarget "petProject" */;
			buildPhases = (
				17BAC30C2C2E994700AA1857 /* Sources */,
				17BAC30D2C2E994700AA1857 /* Frameworks */,
				17BAC30E2C2E994700AA1857 /* Resources */,
			);
			buildRules = (
			);
			dependencies = (
			);
			name = petProject;
			productName = petProject;
			productReference = 17BAC3102C2E994700AA1857 /* petProject.app */;
			productType = "com.apple.product-type.application";
		};
		17BAC31F2C2E994800AA1857 /* petProjectTests */ = {
			isa = PBXNativeTarget;
			buildConfigurationList = 17BAC3372C2E994800AA1857 /* Build configuration list for PBXNativeTarget "petProjectTests" */;
			buildPhases = (
				17BAC31C2C2E994800AA1857 /* Sources */,
				17BAC31D2C2E994800AA1857 /* Frameworks */,
				17BAC31E2C2E994800AA1857 /* Resources */,
			);
			buildRules = (
			);
			dependencies = (
				17BAC3222C2E994800AA1857 /* PBXTargetDependency */,
			);
			name = petProjectTests;
			productName = petProjectTests;
			productReference = 17BAC3202C2E994800AA1857 /* petProjectTests.xctest */;
			productType = "com.apple.product-type.bundle.unit-test";
		};
		17BAC3292C2E994800AA1857 /* petProjectUITests */ = {
			isa = PBXNativeTarget;
			buildConfigurationList = 17BAC33A2C2E994800AA1857 /* Build configuration list for PBXNativeTarget "petProjectUITests" */;
			buildPhases = (
				17BAC3262C2E994800AA1857 /* Sources */,
				17BAC3272C2E994800AA1857 /* Frameworks */,
				17BAC3282C2E994800AA1857 /* Resources */,
			);
			buildRules = (
			);
			dependencies = (
				17BAC32C2C2E994800AA1857 /* PBXTargetDependency */,
			);
			name = petProjectUITests;
			productName = petProjectUITests;
			productReference = 17BAC32A2C2E994800AA1857 /* petProjectUITests.xctest */;
			productType = "com.apple.product-type.bundle.ui-testing";
		};
/* End PBXNativeTarget section */

/* Begin PBXProject section */
		17BAC3082C2E994700AA1857 /* Project object */ = {
			isa = PBXProject;
			attributes = {
				BuildIndependentTargetsInParallel = 1;
				LastSwiftUpdateCheck = 1540;
				LastUpgradeCheck = 1540;
				TargetAttributes = {
					17BAC30F2C2E994700AA1857 = {
						CreatedOnToolsVersion = 15.4;
					};
					17BAC31F2C2E994800AA1857 = {
						CreatedOnToolsVersion = 15.4;
						TestTargetID = 17BAC30F2C2E994700AA1857;
					};
					17BAC3292C2E994800AA1857 = {
						CreatedOnToolsVersion = 15.4;
						TestTargetID = 17BAC30F2C2E994700AA1857;
					};
				};
			};
			buildConfigurationList = 17BAC30B2C2E994700AA1857 /* Build configuration list for PBXProject "petProject" */;
			compatibilityVersion = "Xcode 14.0";
			developmentRegion = en;
			hasScannedForEncodings = 0;
			knownRegions = (
				en,
				Base,
			);
			mainGroup = 17BAC3072C2E994700AA1857;
			productRefGroup = 17BAC3112C2E994700AA1857 /* Products */;
			projectDirPath = "";
			projectRoot = "";
			targets = (
				17BAC30F2C2E994700AA1857 /* petProject */,
				17BAC31F2C2E994800AA1857 /* petProjectTests */,
				17BAC3292C2E994800AA1857 /* petProjectUITests */,
			);
		};
/* End PBXProject section */

/* Begin PBXResourcesBuildPhase section */
		17BAC30E2C2E994700AA1857 /* Resources */ = {
			isa = PBXResourcesBuildPhase;
			buildActionMask = 2147483647;
			files = (
				17BAC31B2C2E994800AA1857 /* Preview Assets.xcassets in Resources */,
				17BAC3182C2E994800AA1857 /* Assets.xcassets in Resources */,
			);
			runOnlyForDeploymentPostprocessing = 0;
		};
		17BAC31E2C2E994800AA1857 /* Resources */ = {
			isa = PBXResourcesBuildPhase;
			buildActionMask = 2147483647;
			files = (
			);
			runOnlyForDeploymentPostprocessing = 0;
		};
		17BAC3282C2E994800AA1857 /* Resources */ = {
			isa = PBXResourcesBuildPhase;
			buildActionMask = 2147483647;
			files = (
			);
			runOnlyForDeploymentPostprocessing = 0;
		};
/* End PBXResourcesBuildPhase section */

/* Begin PBXSourcesBuildPhase section */
		17BAC30C2C2E994700AA1857 /* Sources */ = {
			isa = PBXSourcesBuildPhase;
			buildActionMask = 2147483647;
			files = (
				17BAC3162C2E994700AA1857 /* ContentView.swift in Sources */,
				17BAC3142C2E994700AA1857 /* petProjectApp.swift in Sources */,
			);
			runOnlyForDeploymentPostprocessing = 0;
		};
		17BAC31C2C2E994800AA1857 /* Sources */ = {
			isa = PBXSourcesBuildPhase;
			buildActionMask = 2147483647;
			files = (
				17BAC3252C2E994800AA1857 /* petProjectTests.swift in Sources */,
			);
			runOnlyForDeploymentPostprocessing = 0;
		};
		17BAC3262C2E994800AA1857 /* Sources */ = {
			isa = PBXSourcesBuildPhase;
			buildActionMask = 2147483647;
			files = (
				17BAC3312C2E994800AA1857 /* petProjectUITestsLaunchTests.swift in Sources */,
				17BAC32F2C2E994800AA1857 /* petProjectUITests.swift in Sources */,
			);
			runOnlyForDeploymentPostprocessing = 0;
		};
/* End PBXSourcesBuildPhase section */

/* Begin PBXTargetDependency section */
		17BAC3222C2E994800AA1857 /* PBXTargetDependency */ = {
			isa = PBXTargetDependency;
			target = 17BAC30F2C2E994700AA1857 /* petProject */;
			targetProxy = 17BAC3212C2E994800AA1857 /* PBXContainerItemProxy */;
		};
		17BAC32C2C2E994800AA1857 /* PBXTargetDependency */ = {
			isa = PBXTargetDependency;
			target = 17BAC30F2C2E994700AA1857 /* petProject */;
			targetProxy = 17BAC32B2C2E994800AA1857 /* PBXContainerItemProxy */;
		};
/* End PBXTargetDependency section */

/* Begin XCBuildConfiguration section */
		17BAC3322C2E994800AA1857 /* Debug */ = {
			isa = XCBuildConfiguration;
			buildSettings = {
				ALWAYS_SEARCH_USER_PATHS = NO;
				ASSETCATALOG_COMPILER_GENERATE_SWIFT_ASSET_SYMBOL_EXTENSIONS = YES;
				CLANG_ANALYZER_NONNULL = YES;
				CLANG_ANALYZER_NUMBER_OBJECT_CONVERSION = YES_AGGRESSIVE;
				CLANG_CXX_LANGUAGE_STANDARD = "gnu++20";
				CLANG_ENABLE_MODULES = YES;
				CLANG_ENABLE_OBJC_ARC = YES;
				CLANG_ENABLE_OBJC_WEAK = YES;
				CLANG_WARN_BLOCK_CAPTURE_AUTORELEASING = YES;
				CLANG_WARN_BOOL_CONVERSION = YES;
				CLANG_WARN_COMMA = YES;
				CLANG_WARN_CONSTANT_CONVERSION = YES;
				CLANG_WARN_DEPRECATED_OBJC_IMPLEMENTATIONS = YES;
				CLANG_WARN_DIRECT_OBJC_ISA_USAGE = YES_ERROR;
				CLANG_WARN_DOCUMENTATION_COMMENTS = YES;
				CLANG_WARN_EMPTY_BODY = YES;
				CLANG_WARN_ENUM_CONVERSION = YES;
				CLANG_WARN_INFINITE_RECURSION = YES;
				CLANG_WARN_INT_CONVERSION = YES;
				CLANG_WARN_NON_LITERAL_NULL_CONVERSION = YES;
				CLANG_WARN_OBJC_IMPLICIT_RETAIN_SELF = YES;
				CLANG_WARN_OBJC_LITERAL_CONVERSION = YES;
				CLANG_WARN_OBJC_ROOT_CLASS = YES_ERROR;
				CLANG_WARN_QUOTED_INCLUDE_IN_FRAMEWORK_HEADER = YES;
				CLANG_WARN_RANGE_LOOP_ANALYSIS = YES;
				CLANG_WARN_STRICT_PROTOTYPES = YES;
				CLANG_WARN_SUSPICIOUS_MOVE = YES;
				CLANG_WARN_UNGUARDED_AVAILABILITY = YES_AGGRESSIVE;
				CLANG_WARN_UNREACHABLE_CODE = YES;
				CLANG_WARN__DUPLICATE_METHOD_MATCH = YES;
				COPY_PHASE_STRIP = NO;
				DEBUG_INFORMATION_FORMAT = dwarf;
				ENABLE_STRICT_OBJC_MSGSEND = YES;
				ENABLE_TESTABILITY = YES;
				ENABLE_USER_SCRIPT_SANDBOXING = YES;
				GCC_C_LANGUAGE_STANDARD = gnu17;
				GCC_DYNAMIC_NO_PIC = NO;
				GCC_NO_COMMON_BLOCKS = YES;
				GCC_OPTIMIZATION_LEVEL = 0;
				GCC_PREPROCESSOR_DEFINITIONS = (
					"DEBUG=1",
					"$(inherited)",
				);
				GCC_WARN_64_TO_32_BIT_CONVERSION = YES;
				GCC_WARN_ABOUT_RETURN_TYPE = YES_ERROR;
				GCC_WARN_UNDECLARED_SELECTOR = YES;
				GCC_WARN_UNINITIALIZED_AUTOS = YES_AGGRESSIVE;
				GCC_WARN_UNUSED_FUNCTION = YES;
				GCC_WARN_UNUSED_VARIABLE = YES;
				IPHONEOS_DEPLOYMENT_TARGET = 17.5;
				LOCALIZATION_PREFERS_STRING_CATALOGS = YES;
				MTL_ENABLE_DEBUG_INFO = INCLUDE_SOURCE;
				MTL_FAST_MATH = YES;
				ONLY_ACTIVE_ARCH = YES;
				SDKROOT = iphoneos;
				SWIFT_ACTIVE_COMPILATION_CONDITIONS = "DEBUG $(inherited)";
				SWIFT_OPTIMIZATION_LEVEL = "-Onone";
			};
			name = Debug;
		};
		17BAC3332C2E994800AA1857 /* Release */ = {
			isa = XCBuildConfiguration;
			buildSettings = {
				ALWAYS_SEARCH_USER_PATHS = NO;
				ASSETCATALOG_COMPILER_GENERATE_SWIFT_ASSET_SYMBOL_EXTENSIONS = YES;
				CLANG_ANALYZER_NONNULL = YES;
				CLANG_ANALYZER_NUMBER_OBJECT_CONVERSION = YES_AGGRESSIVE;
				CLANG_CXX_LANGUAGE_STANDARD = "gnu++20";
				CLANG_ENABLE_MODULES = YES;
				CLANG_ENABLE_OBJC_ARC = YES;
				CLANG_ENABLE_OBJC_WEAK = YES;
				CLANG_WARN_BLOCK_CAPTURE_AUTORELEASING = YES;
				CLANG_WARN_BOOL_CONVERSION = YES;
				CLANG_WARN_COMMA = YES;
				CLANG_WARN_CONSTANT_CONVERSION = YES;
				CLANG_WARN_DEPRECATED_OBJC_IMPLEMENTATIONS = YES;
				CLANG_WARN_DIRECT_OBJC_ISA_USAGE = YES_ERROR;
				CLANG_WARN_DOCUMENTATION_COMMENTS = YES;
				CLANG_WARN_EMPTY_BODY = YES;
				CLANG_WARN_ENUM_CONVERSION = YES;
				CLANG_WARN_INFINITE_RECURSION = YES;
				CLANG_WARN_INT_CONVERSION = YES;
				CLANG_WARN_NON_LITERAL_NULL_CONVERSION = YES;
				CLANG_WARN_OBJC_IMPLICIT_RETAIN_SELF = YES;
				CLANG_WARN_OBJC_LITERAL_CONVERSION = YES;
				CLANG_WARN_OBJC_ROOT_CLASS = YES_ERROR;
				CLANG_WARN_QUOTED_INCLUDE_IN_FRAMEWORK_HEADER = YES;
				CLANG_WARN_RANGE_LOOP_ANALYSIS = YES;
				CLANG_WARN_STRICT_PROTOTYPES = YES;
				CLANG_WARN_SUSPICIOUS_MOVE = YES;
				CLANG_WARN_UNGUARDED_AVAILABILITY = YES_AGGRESSIVE;
				CLANG_WARN_UNREACHABLE_CODE = YES;
				CLANG_WARN__DUPLICATE_METHOD_MATCH = YES;
				COPY_PHASE_STRIP = NO;
				DEBUG_INFORMATION_FORMAT = "dwarf-with-dsym";
				ENABLE_NS_ASSERTIONS = NO;
				ENABLE_STRICT_OBJC_MSGSEND = YES;
				ENABLE_USER_SCRIPT_SANDBOXING = YES;
				GCC_C_LANGUAGE_STANDARD = gnu17;
				GCC_NO_COMMON_BLOCKS = YES;
				GCC_WARN_64_TO_32_BIT_CONVERSION = YES;
				GCC_WARN_ABOUT_RETURN_TYPE = YES_ERROR;
				GCC_WARN_UNDECLARED_SELECTOR = YES;
				GCC_WARN_UNINITIALIZED_AUTOS = YES_AGGRESSIVE;
				GCC_WARN_UNUSED_FUNCTION = YES;
				GCC_WARN_UNUSED_VARIABLE = YES;
				IPHONEOS_DEPLOYMENT_TARGET = 17.5;
				LOCALIZATION_PREFERS_STRING_CATALOGS = YES;
				MTL_ENABLE_DEBUG_INFO = NO;
				MTL_FAST_MATH = YES;
				SDKROOT = iphoneos;
				SWIFT_COMPILATION_MODE = wholemodule;
				VALIDATE_PRODUCT = YES;
			};
			name = Release;
		};
		17BAC3352C2E994800AA1857 /* Debug */ = {
			isa = XCBuildConfiguration;
			buildSettings = {
				ASSETCATALOG_COMPILER_APPICON_NAME = AppIcon;
				ASSETCATALOG_COMPILER_GLOBAL_ACCENT_COLOR_NAME = AccentColor;
				CODE_SIGN_STYLE = Automatic;
				CURRENT_PROJECT_VERSION = 1;
				DEVELOPMENT_ASSET_PATHS = "\"petProject/Preview Content\"";
				ENABLE_PREVIEWS = YES;
				GENERATE_INFOPLIST_FILE = YES;
				INFOPLIST_KEY_UIApplicationSceneManifest_Generation = YES;
				INFOPLIST_KEY_UIApplicationSupportsIndirectInputEvents = YES;
				INFOPLIST_KEY_UILaunchScreen_Generation = YES;
				INFOPLIST_KEY_UISupportedInterfaceOrientations_iPad = "UIInterfaceOrientationPortrait UIInterfaceOrientationPortraitUpsideDown UIInterfaceOrientationLandscapeLeft UIInterfaceOrientationLandscapeRight";
				INFOPLIST_KEY_UISupportedInterfaceOrientations_iPhone = "UIInterfaceOrientationPortrait UIInterfaceOrientationLandscapeLeft UIInterfaceOrientationLandscapeRight";
				LD_RUNPATH_SEARCH_PATHS = (
					"$(inherited)",
					"@executable_path/Frameworks",
				);
				MARKETING_VERSION = 1.0;
				PRODUCT_BUNDLE_IDENTIFIER = com.mcruncher.petProject;
				PRODUCT_NAME = "$(TARGET_NAME)";
				SWIFT_EMIT_LOC_STRINGS = YES;
				SWIFT_VERSION = 5.0;
				TARGETED_DEVICE_FAMILY = "1,2";
			};
			name = Debug;
		};
		17BAC3362C2E994800AA1857 /* Release */ = {
			isa = XCBuildConfiguration;
			buildSettings = {
				ASSETCATALOG_COMPILER_APPICON_NAME = AppIcon;
				ASSETCATALOG_COMPILER_GLOBAL_ACCENT_COLOR_NAME = AccentColor;
				CODE_SIGN_STYLE = Automatic;
				CURRENT_PROJECT_VERSION = 1;
				DEVELOPMENT_ASSET_PATHS = "\"petProject/Preview Content\"";
				ENABLE_PREVIEWS = YES;
				GENERATE_INFOPLIST_FILE = YES;
				INFOPLIST_KEY_UIApplicationSceneManifest_Generation = YES;
				INFOPLIST_KEY_UIApplicationSupportsIndirectInputEvents = YES;
				INFOPLIST_KEY_UILaunchScreen_Generation = YES;
				INFOPLIST_KEY_UISupportedInterfaceOrientations_iPad = "UIInterfaceOrientationPortrait UIInterfaceOrientationPortraitUpsideDown UIInterfaceOrientationLandscapeLeft UIInterfaceOrientationLandscapeRight";
				INFOPLIST_KEY_UISupportedInterfaceOrientations_iPhone = "UIInterfaceOrientationPortrait UIInterfaceOrientationLandscapeLeft UIInterfaceOrientationLandscapeRight";
				LD_RUNPATH_SEARCH_PATHS = (
					"$(inherited)",
					"@executable_path/Frameworks",
				);
				MARKETING_VERSION = 1.0;
				PRODUCT_BUNDLE_IDENTIFIER = com.mcruncher.petProject;
				PRODUCT_NAME = "$(TARGET_NAME)";
				SWIFT_EMIT_LOC_STRINGS = YES;
				SWIFT_VERSION = 5.0;
				TARGETED_DEVICE_FAMILY = "1,2";
			};
			name = Release;
		};
		17BAC3382C2E994800AA1857 /* Debug */ = {
			isa = XCBuildConfiguration;
			buildSettings = {
				ALWAYS_EMBED_SWIFT_STANDARD_LIBRARIES = YES;
				BUNDLE_LOADER = "$(TEST_HOST)";
				CODE_SIGN_STYLE = Automatic;
				CURRENT_PROJECT_VERSION = 1;
				GENERATE_INFOPLIST_FILE = YES;
				IPHONEOS_DEPLOYMENT_TARGET = 17.5;
				MARKETING_VERSION = 1.0;
				PRODUCT_BUNDLE_IDENTIFIER = com.mcruncher.petProjectTests;
				PRODUCT_NAME = "$(TARGET_NAME)";
				SWIFT_EMIT_LOC_STRINGS = NO;
				SWIFT_VERSION = 5.0;
				TARGETED_DEVICE_FAMILY = "1,2";
				TEST_HOST = "$(BUILT_PRODUCTS_DIR)/petProject.app/$(BUNDLE_EXECUTABLE_FOLDER_PATH)/petProject";
			};
			name = Debug;
		};
		17BAC3392C2E994800AA1857 /* Release */ = {
			isa = XCBuildConfiguration;
			buildSettings = {
				ALWAYS_EMBED_SWIFT_STANDARD_LIBRARIES = YES;
				BUNDLE_LOADER = "$(TEST_HOST)";
				CODE_SIGN_STYLE = Automatic;
				CURRENT_PROJECT_VERSION = 1;
				GENERATE_INFOPLIST_FILE = YES;
				IPHONEOS_DEPLOYMENT_TARGET = 17.5;
				MARKETING_VERSION = 1.0;
				PRODUCT_BUNDLE_IDENTIFIER = com.mcruncher.petProjectTests;
				PRODUCT_NAME = "$(TARGET_NAME)";
				SWIFT_EMIT_LOC_STRINGS = NO;
				SWIFT_VERSION = 5.0;
				TARGETED_DEVICE_FAMILY = "1,2";
				TEST_HOST = "$(BUILT_PRODUCTS_DIR)/petProject.app/$(BUNDLE_EXECUTABLE_FOLDER_PATH)/petProject";
			};
			name = Release;
		};
		17BAC33B2C2E994800AA1857 /* Debug */ = {
			isa = XCBuildConfiguration;
			buildSettings = {
				ALWAYS_EMBED_SWIFT_STANDARD_LIBRARIES = YES;
				CODE_SIGN_STYLE = Automatic;
				CURRENT_PROJECT_VERSION = 1;
				GENERATE_INFOPLIST_FILE = YES;
				MARKETING_VERSION = 1.0;
				PRODUCT_BUNDLE_IDENTIFIER = com.mcruncher.petProjectUITests;
				PRODUCT_NAME = "$(TARGET_NAME)";
				SWIFT_EMIT_LOC_STRINGS = NO;
				SWIFT_VERSION = 5.0;
				TARGETED_DEVICE_FAMILY = "1,2";
				TEST_TARGET_NAME = petProject;
			};
			name = Debug;
		};
		17BAC33C2C2E994800AA1857 /* Release */ = {
			isa = XCBuildConfiguration;
			buildSettings = {
				ALWAYS_EMBED_SWIFT_STANDARD_LIBRARIES = YES;
				CODE_SIGN_STYLE = Automatic;
				CURRENT_PROJECT_VERSION = 1;
				GENERATE_INFOPLIST_FILE = YES;
				MARKETING_VERSION = 1.0;
				PRODUCT_BUNDLE_IDENTIFIER = com.mcruncher.petProjectUITests;
				PRODUCT_NAME = "$(TARGET_NAME)";
				SWIFT_EMIT_LOC_STRINGS = NO;
				SWIFT_VERSION = 5.0;
				TARGETED_DEVICE_FAMILY = "1,2";
				TEST_TARGET_NAME = petProject;
			};
			name = Release;
		};
/* End XCBuildConfiguration section */

/* Begin XCConfigurationList section */
		17BAC30B2C2E994700AA1857 /* Build configuration list for PBXProject "petProject" */ = {
			isa = XCConfigurationList;
			buildConfigurations = (
				17BAC3322C2E994800AA1857 /* Debug */,
				17BAC3332C2E994800AA1857 /* Release */,
			);
			defaultConfigurationIsVisible = 0;
			defaultConfigurationName = Release;
		};
		17BAC3342C2E994800AA1857 /* Build configuration list for PBXNativeTarget "petProject" */ = {
			isa = XCConfigurationList;
			buildConfigurations = (
				17BAC3352C2E994800AA1857 /* Debug */,
				17BAC3362C2E994800AA1857 /* Release */,
			);
			defaultConfigurationIsVisible = 0;
			defaultConfigurationName = Release;
		};
		17BAC3372C2E994800AA1857 /* Build configuration list for PBXNativeTarget "petProjectTests" */ = {
			isa = XCConfigurationList;
			buildConfigurations = (
				17BAC3382C2E994800AA1857 /* Debug */,
				17BAC3392C2E994800AA1857 /* Release */,
			);
			defaultConfigurationIsVisible = 0;
			defaultConfigurationName = Release;
		};
		17BAC33A2C2E994800AA1857 /* Build configuration list for PBXNativeTarget "petProjectUITests" */ = {
			isa = XCConfigurationList;
			buildConfigurations = (
				17BAC33B2C2E994800AA1857 /* Debug */,
				17BAC33C2C2E994800AA1857 /* Release */,
			);
			defaultConfigurationIsVisible = 0;
			defaultConfigurationName = Release;
		};
/* End XCConfigurationList section */
	};
	rootObject = 17BAC3082C2E994700AA1857 /* Project object */;
}
